
Microsoft Visual Studio Solution File, Format Version 12.00
# Visual Studio Version 16
VisualStudioVersion = 16.0.31515.178
MinimumVisualStudioVersion = 10.0.40219.1
Project("{FAE04EC0-301F-11D3-BF4B-00C04F79EFBC}") = "WinWifi", "WinWifi.csproj", "{2CAE424F-8CC3-4F52-923C-C59074B25D73}"
EndProject
Global
	GlobalSection(SolutionConfigurationPlatforms) = preSolution
		Debug|Any CPU = Debug|Any CPU
		Release|Any CPU = Release|Any CPU
	EndGlobalSection
	GlobalSection(ProjectConfigurationPlatforms) = postSolution
		{2CAE424F-8CC3-4F52-923C-C59074B25D73}.Debug|Any CPU.ActiveCfg = Debug|Any CPU
		{2CAE424F-8CC3-4F52-923C-C59074B25D73}.Debug|Any CPU.Build.0 = Debug|Any CPU
		{2CAE424F-8CC3-4F52-923C-C59074B25D73}.Release|Any CPU.ActiveCfg = Release|Any CPU
		{2CAE424F-8CC3-4F52-923C-C59074B25D73}.Release|Any CPU.Build.0 = Release|Any CPU
	EndGlobalSection
	GlobalSection(SolutionProperties) = preSolution
		HideSolutionNode = FALSE
	EndGlobalSection
	GlobalSection(ExtensibilityGlobals) = postSolution
		SolutionGuid = {A9D691CE-525A-4803-9C2E-953A88028561}
	EndGlobalSection
EndGlobal
